
Microsoft Visual Studio Solution File, Format Version 12.00
# Visual Studio Version 16
VisualStudioVersion = 25.0.1704.5
MinimumVisualStudioVersion = 10.0.40219.1
Project("{FAE04EC0-301F-11D3-BF4B-00C04F79EFBC}") = "messages", "messages.csproj", "{096F6986-3F9A-43E4-8F54-87042A87B84D}"
EndProject
Global
	GlobalSection(SolutionConfigurationPlatforms) = preSolution
		Debug|Any CPU = Debug|Any CPU
		Release|Any CPU = Release|Any CPU
	EndGlobalSection
	GlobalSection(ProjectConfigurationPlatforms) = postSolution
		{096F6986-3F9A-43E4-8F54-87042A87B84D}.Debug|Any CPU.ActiveCfg = Debug|Any CPU
		{096F6986-3F9A-43E4-8F54-87042A87B84D}.Debug|Any CPU.Build.0 = Debug|Any CPU
		{096F6986-3F9A-43E4-8F54-87042A87B84D}.Release|Any CPU.ActiveCfg = Release|Any CPU
		{096F6986-3F9A-43E4-8F54-87042A87B84D}.Release|Any CPU.Build.0 = Release|Any CPU
	EndGlobalSection
	GlobalSection(SolutionProperties) = preSolution
		HideSolutionNode = FALSE
	EndGlobalSection
	GlobalSection(ExtensibilityGlobals) = postSolution
		SolutionGuid = {9324E1A1-ECA5-44E3-A537-4969283BC20B}
	EndGlobalSection
EndGlobal
